github.com/makiuchi-d/gozxing v0.0.0-20181111004219-a01698524e72 h1:hnSfRf2GSdQC/aOxI1ZNmqapRcgQfeld4ItWYGp+xLI=
github.com/makiuchi-d/gozxing v0.0.0-20181111004219-a01698524e72/go.mod h1:WoI7z45M7ZNA5BJxiJHaB+x7+k8S/3phW5Y13IR4yWY=
github.com/pyk/byten v0.0.0-20140925233358-f847a130bf6d h1:/0nqYrqVyPTVDT2jPx9z9BZ+ItJWlWA9VITUGvNaZkI=
github.com/pyk/byten v0.0.0-20140925233358-f847a130bf6d/go.mod h1:El8LdwAxb76Ih0mRmpu9uMVq+ajiqGSxmYiUe+nSr+w=
github.com/skip2/go-qrcode v0.0.0-20191027152451-9434209cb086 h1:RYiqpb2ii2Z6J4x0wxK46kvPBbFuZcdhS+CIztmYgZs=
github.com/skip2/go-qrcode v0.0.0-20191027152451-9434209cb086/go.mod h1:PLPIyL7ikehBD1OAjmKKiOEhbvWyHGaNDjquXMcYABo=
golang.org/x/text v0.3.0 h1:g61tztE5qeGQ89tm6NTjjM9VPIm088od1l6aSorWRWg=
golang.org/x/text v0.3.0/go.mod h1:NqM8EUOU14njkJ3fqMW+pc6Ldnwhi/IjpwHt7yyuwOQ=
